
Microsoft Visual Studio Solution File, Format Version 12.00
# Visual Studio Version 17
VisualStudioVersion = 17.5.33424.131
MinimumVisualStudioVersion = 10.0.40219.1
Project("{8BC9CEB8-8B4A-11D0-8D11-00A0C91BC942}") = "CppFrogger", "CppFrogger.vcxproj", "{89B951F7-571F-48B1-A991-431C1AAEE830}"
EndProject
Global
	GlobalSection(SolutionConfigurationPlatforms) = preSolution
		Debug|x64 = Debug|x64
		Debug|x86 = Debug|x86
		Release|x64 = Release|x64
		Release|x86 = Release|x86
	EndGlobalSection
	GlobalSection(ProjectConfigurationPlatforms) = postSolution
		{89B951F7-571F-48B1-A991-431C1AAEE830}.Debug|x64.ActiveCfg = Debug|x64
		{89B951F7-571F-48B1-A991-431C1AAEE830}.Debug|x64.Build.0 = Debug|x64
		{89B951F7-571F-48B1-A991-431C1AAEE830}.Debug|x86.ActiveCfg = Debug|Win32
		{89B951F7-571F-48B1-A991-431C1AAEE830}.Debug|x86.Build.0 = Debug|Win32
		{89B951F7-571F-48B1-A991-431C1AAEE830}.Release|x64.ActiveCfg = Release|x64
		{89B951F7-571F-48B1-A991-431C1AAEE830}.Release|x64.Build.0 = Release|x64
		{89B951F7-571F-48B1-A991-431C1AAEE830}.Release|x86.ActiveCfg = Release|Win32
		{89B951F7-571F-48B1-A991-431C1AAEE830}.Release|x86.Build.0 = Release|Win32
	EndGlobalSection
	GlobalSection(SolutionProperties) = preSolution
		HideSolutionNode = FALSE
	EndGlobalSection
	GlobalSection(ExtensibilityGlobals) = postSolution
		SolutionGuid = {DF474996-E5C7-4194-A52E-F619647CD151}
	EndGlobalSection
EndGlobal
